
Microsoft Visual Studio Solution File, Format Version 12.00
# Visual Studio 2013
VisualStudioVersion = 12.0.30723.0
MinimumVisualStudioVersion = 10.0.40219.1
Project("{FAE04EC0-301F-11D3-BF4B-00C04F79EFBC}") = "leap", "leap\leap.csproj", "{75C0CDDF-AD31-433D-90CB-7965BCD55890}"
EndProject
Project("{FAE04EC0-301F-11D3-BF4B-00C04F79EFBC}") = "bob", "bob\bob.csproj", "{4AC7F9FA-BAF7-4583-AB61-F7F1D4FC7A96}"
EndProject
Global
	GlobalSection(SolutionConfigurationPlatforms) = preSolution
		Debug|Any CPU = Debug|Any CPU
		Debug|Mixed Platforms = Debug|Mixed Platforms
		Debug|Win32 = Debug|Win32
		Release|Any CPU = Release|Any CPU
		Release|Mixed Platforms = Release|Mixed Platforms
		Release|Win32 = Release|Win32
	EndGlobalSection
	GlobalSection(ProjectConfigurationPlatforms) = postSolution
		{75C0CDDF-AD31-433D-90CB-7965BCD55890}.Debug|Any CPU.ActiveCfg = Debug|Any CPU
		{75C0CDDF-AD31-433D-90CB-7965BCD55890}.Debug|Any CPU.Build.0 = Debug|Any CPU
		{75C0CDDF-AD31-433D-90CB-7965BCD55890}.Debug|Mixed Platforms.ActiveCfg = Debug|Any CPU
		{75C0CDDF-AD31-433D-90CB-7965BCD55890}.Debug|Mixed Platforms.Build.0 = Debug|Any CPU
		{75C0CDDF-AD31-433D-90CB-7965BCD55890}.Debug|Win32.ActiveCfg = Debug|Any CPU
		{75C0CDDF-AD31-433D-90CB-7965BCD55890}.Release|Any CPU.ActiveCfg = Release|Any CPU
		{75C0CDDF-AD31-433D-90CB-7965BCD55890}.Release|Any CPU.Build.0 = Release|Any CPU
		{75C0CDDF-AD31-433D-90CB-7965BCD55890}.Release|Mixed Platforms.ActiveCfg = Release|Any CPU
		{75C0CDDF-AD31-433D-90CB-7965BCD55890}.Release|Mixed Platforms.Build.0 = Release|Any CPU
		{75C0CDDF-AD31-433D-90CB-7965BCD55890}.Release|Win32.ActiveCfg = Release|Any CPU
		{4AC7F9FA-BAF7-4583-AB61-F7F1D4FC7A96}.Debug|Any CPU.ActiveCfg = Debug|Any CPU
		{4AC7F9FA-BAF7-4583-AB61-F7F1D4FC7A96}.Debug|Any CPU.Build.0 = Debug|Any CPU
		{4AC7F9FA-BAF7-4583-AB61-F7F1D4FC7A96}.Debug|Mixed Platforms.ActiveCfg = Debug|Any CPU
		{4AC7F9FA-BAF7-4583-AB61-F7F1D4FC7A96}.Debug|Mixed Platforms.Build.0 = Debug|Any CPU
		{4AC7F9FA-BAF7-4583-AB61-F7F1D4FC7A96}.Debug|Win32.ActiveCfg = Debug|Any CPU
		{4AC7F9FA-BAF7-4583-AB61-F7F1D4FC7A96}.Release|Any CPU.ActiveCfg = Release|Any CPU
		{4AC7F9FA-BAF7-4583-AB61-F7F1D4FC7A96}.Release|Any CPU.Build.0 = Release|Any CPU
		{4AC7F9FA-BAF7-4583-AB61-F7F1D4FC7A96}.Release|Mixed Platforms.ActiveCfg = Release|Any CPU
		{4AC7F9FA-BAF7-4583-AB61-F7F1D4FC7A96}.Release|Mixed Platforms.Build.0 = Release|Any CPU
		{4AC7F9FA-BAF7-4583-AB61-F7F1D4FC7A96}.Release|Win32.ActiveCfg = Release|Any CPU
	EndGlobalSection
	GlobalSection(SolutionProperties) = preSolution
		HideSolutionNode = FALSE
	EndGlobalSection
EndGlobal
