<?xml version="1.0" encoding="utf-8"?>
<Project ToolsVersion="4.0" xmlns="http://schemas.microsoft.com/developer/msbuild/2003">
  <ItemGroup>
    <Filter Include="bob">
      <UniqueIdentifier>{580c4d61-2ec0-4ed0-9bae-76c9d7c603ef}</UniqueIdentifier>
    </Filter>
  </ItemGroup>
  <ItemGroup>
    <ClCompile Include="bob\bob.cpp">
      <Filter>bob</Filter>
    </ClCompile>
    <ClCompile Include="bob\bob_test.cpp">
      <Filter>bob</Filter>
    </ClCompile>
  </ItemGroup>
  <ItemGroup>
    <ClInclude Include="bob\bob.h">
      <Filter>bob</Filter>
    </ClInclude>
  </ItemGroup>
</Project>